
Microsoft Visual Studio Solution File, Format Version 12.00
# Visual Studio Version 17
VisualStudioVersion = 17.1.32228.430
MinimumVisualStudioVersion = 10.0.40219.1
Project("{FAE04EC0-301F-11D3-BF4B-00C04F79EFBC}") = "Online_Store_link", "Online_Store_link\Online_Store_link.csproj", "{E904B7AD-E90D-49ED-BF6E-08F7C802C292}"
EndProject
Global
	GlobalSection(SolutionConfigurationPlatforms) = preSolution
		Debug|Any CPU = Debug|Any CPU
		Release|Any CPU = Release|Any CPU
	EndGlobalSection
	GlobalSection(ProjectConfigurationPlatforms) = postSolution
		{E904B7AD-E90D-49ED-BF6E-08F7C802C292}.Debug|Any CPU.ActiveCfg = Debug|Any CPU
		{E904B7AD-E90D-49ED-BF6E-08F7C802C292}.Debug|Any CPU.Build.0 = Debug|Any CPU
		{E904B7AD-E90D-49ED-BF6E-08F7C802C292}.Release|Any CPU.ActiveCfg = Release|Any CPU
		{E904B7AD-E90D-49ED-BF6E-08F7C802C292}.Release|Any CPU.Build.0 = Release|Any CPU
	EndGlobalSection
	GlobalSection(SolutionProperties) = preSolution
		HideSolutionNode = FALSE
	EndGlobalSection
	GlobalSection(ExtensibilityGlobals) = postSolution
		SolutionGuid = {56D730B5-25AC-416D-8894-42F49E8109D5}
	EndGlobalSection
EndGlobal
